
Microsoft Visual Studio Solution File, Format Version 12.00
# Visual Studio Version 17
VisualStudioVersion = 17.1.32210.238
MinimumVisualStudioVersion = 10.0.40219.1
Project("{151D2E53-A2C4-4D7D-83FE-D05416EBD58E}") = "MyArmTemplate", "MyArmTemplate\MyArmTemplate.deployproj", "{D0876137-D0DB-453B-AB2F-805DAED453C9}"
EndProject
Global
	GlobalSection(SolutionConfigurationPlatforms) = preSolution
		Debug|Any CPU = Debug|Any CPU
		Release|Any CPU = Release|Any CPU
	EndGlobalSection
	GlobalSection(ProjectConfigurationPlatforms) = postSolution
		{D0876137-D0DB-453B-AB2F-805DAED453C9}.Debug|Any CPU.ActiveCfg = Debug|Any CPU
		{D0876137-D0DB-453B-AB2F-805DAED453C9}.Debug|Any CPU.Build.0 = Debug|Any CPU
		{D0876137-D0DB-453B-AB2F-805DAED453C9}.Release|Any CPU.ActiveCfg = Release|Any CPU
		{D0876137-D0DB-453B-AB2F-805DAED453C9}.Release|Any CPU.Build.0 = Release|Any CPU
	EndGlobalSection
	GlobalSection(SolutionProperties) = preSolution
		HideSolutionNode = FALSE
	EndGlobalSection
	GlobalSection(ExtensibilityGlobals) = postSolution
		SolutionGuid = {D616FEB8-0457-472A-AD06-DB4624D1126B}
	EndGlobalSection
EndGlobal
